// !$*UTF8*$!
{
	archiveVersion = 1;
	classes = {
	};
	objectVersion = 46;
	objects = {

/* Begin PBXBuildFile section */
		B1E73CE01ED429A100C457D6 /* AppDelegate.swift in Sources */ = {isa = PBXBuildFile; fileRef = B1E73CDF1ED429A100C457D6 /* AppDelegate.swift */; };
		B1E73CE21ED429A100C457D6 /* ViewController.swift in Sources */ = {isa = PBXBuildFile; fileRef = B1E73CE11ED429A100C457D6 /* ViewController.swift */; };
		B1E73CE51ED429A100C457D6 /* Main.storyboard in Resources */ = {isa = PBXBuildFile; fileRef = B1E73CE31ED429A100C457D6 /* Main.storyboard */; };
		B1E73CE71ED429A100C457D6 /* Assets.xcassets in Resources */ = {isa = PBXBuildFile; fileRef = B1E73CE61ED429A100C457D6 /* Assets.xcassets */; };
		B1E73CEA1ED429A100C457D6 /* LaunchScreen.storyboard in Resources */ = {isa = PBXBuildFile; fileRef = B1E73CE81ED429A100C457D6 /* LaunchScreen.storyboard */; };
		B1E73CF51ED429A100C457D6 /* TensorFlowTestTests.swift in Sources */ = {isa = PBXBuildFile; fileRef = B1E73CF41ED429A100C457D6 /* TensorFlowTestTests.swift */; };
/* End PBXBuildFile section */

/* Begin PBXContainerItemProxy section */
		B1E73CF11ED429A100C457D6 /* PBXContainerItemProxy */ = {
			isa = PBXContainerItemProxy;
			containerPortal = B1E73CD41ED429A100C457D6 /* Project object */;
			proxyType = 1;
			remoteGlobalIDString = B1E73CDB1ED429A100C457D6;
			remoteInfo = TensorFlowTest;
		};
/* End PBXContainerItemProxy section */

/* Begin PBXFileReference section */
		B1E73CDC1ED429A100C457D6 /* TensorFlowTest.app */ = {isa = PBXFileReference; explicitFileType = wrapper.application; includeInIndex = 0; path = TensorFlowTest.app; sourceTree = BUILT_PRODUCTS_DIR; };
		B1E73CDF1ED429A100C457D6 /* AppDelegate.swift */ = {isa = PBXFileReference; lastKnownFileType = sourcecode.swift; path = AppDelegate.swift; sourceTree = "<group>"; };
		B1E73CE11ED429A100C457D6 /* ViewController.swift */ = {isa = PBXFileReference; lastKnownFileType = sourcecode.swift; path = ViewController.swift; sourceTree = "<group>"; };
		B1E73CE41ED429A100C457D6 /* Base */ = {isa = PBXFileReference; lastKnownFileType = file.storyboard; name = Base; path = Base.lproj/Main.storyboard; sourceTree = "<group>"; };
		B1E73CE61ED429A100C457D6 /* Assets.xcassets */ = {isa = PBXFileReference; lastKnownFileType = folder.assetcatalog; path = Assets.xcassets; sourceTree = "<group>"; };
		B1E73CE91ED429A100C457D6 /* Base */ = {isa = PBXFileReference; lastKnownFileType = file.storyboard; name = Base; path = Base.lproj/LaunchScreen.storyboard; sourceTree = "<group>"; };
		B1E73CEB1ED429A100C457D6 /* Info.plist */ = {isa = PBXFileReference; lastKnownFileType = text.plist.xml; path = Info.plist; sourceTree = "<group>"; };
		B1E73CF01ED429A100C457D6 /* TensorFlowTestTests.xctest */ = {isa = PBXFileReference; explicitFileType = wrapper.cfbundle; includeInIndex = 0; path = TensorFlowTestTests.xctest; sourceTree = BUILT_PRODUCTS_DIR; };
		B1E73CF41ED429A100C457D6 /* TensorFlowTestTests.swift */ = {isa = PBXFileReference; lastKnownFileType = sourcecode.swift; path = TensorFlowTestTests.swift; sourceTree = "<group>"; };
		B1E73CF61ED429A100C457D6 /* Info.plist */ = {isa = PBXFileReference; lastKnownFileType = text.plist.xml; path = Info.plist; sourceTree = "<group>"; };
/* End PBXFileReference section */

/* Begin PBXFrameworksBuildPhase section */
		B1E73CD91ED429A100C457D6 /* Frameworks */ = {
			isa = PBXFrameworksBuildPhase;
			buildActionMask = 2147483647;
			files = (
			);
			runOnlyForDeploymentPostprocessing = 0;
		};
		B1E73CED1ED429A100C457D6 /* Frameworks */ = {
			isa = PBXFrameworksBuildPhase;
			buildActionMask = 2147483647;
			files = (
			);
			runOnlyForDeploymentPostprocessing = 0;
		};
/* End PBXFrameworksBuildPhase section */

/* Begin PBXGroup section */
		B1E73CD31ED429A100C457D6 = {
			isa = PBXGroup;
			children = (
				B1E73CDE1ED429A100C457D6 /* TensorFlowTest */,
				B1E73CF31ED429A100C457D6 /* TensorFlowTestTests */,
				B1E73CDD1ED429A100C457D6 /* Products */,
			);
			sourceTree = "<group>";
		};
		B1E73CDD1ED429A100C457D6 /* Products */ = {
			isa = PBXGroup;
			children = (
				B1E73CDC1ED429A100C457D6 /* TensorFlowTest.app */,
				B1E73CF01ED429A100C457D6 /* TensorFlowTestTests.xctest */,
			);
			name = Products;
			sourceTree = "<group>";
		};
		B1E73CDE1ED429A100C457D6 /* TensorFlowTest */ = {
			isa = PBXGroup;
			children = (
				B1E73CDF1ED429A100C457D6 /* AppDelegate.swift */,
				B1E73CE11ED429A100C457D6 /* ViewController.swift */,
				B1E73CE31ED429A100C457D6 /* Main.storyboard */,
				B1E73CE61ED429A100C457D6 /* Assets.xcassets */,
				B1E73CE81ED429A100C457D6 /* LaunchScreen.storyboard */,
				B1E73CEB1ED429A100C457D6 /* Info.plist */,
			);
			path = TensorFlowTest;
			sourceTree = "<group>";
		};
		B1E73CF31ED429A100C457D6 /* TensorFlowTestTests */ = {
			isa = PBXGroup;
			children = (
				B1E73CF41ED429A100C457D6 /* TensorFlowTestTests.swift */,
				B1E73CF61ED429A100C457D6 /* Info.plist */,
			);
			path = TensorFlowTestTests;
			sourceTree = "<group>";
		};
/* End PBXGroup section */

/* Begin PBXNativeTarget section */
		B1E73CDB1ED429A100C457D6 /* TensorFlowTest */ = {
			isa = PBXNativeTarget;
			buildConfigurationList = B1E73CF91ED429A100C457D6 /* Build configuration list for PBXNativeTarget "TensorFlowTest" */;
			buildPhases = (
				B1E73CD81ED429A100C457D6 /* Sources */,
				B1E73CD91ED429A100C457D6 /* Frameworks */,
				B1E73CDA1ED429A100C457D6 /* Resources */,
			);
			buildRules = (
			);
			dependencies = (
			);
			name = TensorFlowTest;
			productName = TensorFlowTest;
			productReference = B1E73CDC1ED429A100C457D6 /* TensorFlowTest.app */;
			productType = "com.apple.product-type.application";
		};
		B1E73CEF1ED429A100C457D6 /* TensorFlowTestTests */ = {
			isa = PBXNativeTarget;
			buildConfigurationList = B1E73CFC1ED429A100C457D6 /* Build configuration list for PBXNativeTarget "TensorFlowTestTests" */;
			buildPhases = (
				B1E73CEC1ED429A100C457D6 /* Sources */,
				B1E73CED1ED429A100C457D6 /* Frameworks */,
				B1E73CEE1ED429A100C457D6 /* Resources */,
			);
			buildRules = (
			);
			dependencies = (
				B1E73CF21ED429A100C457D6 /* PBXTargetDependency */,
			);
			name = TensorFlowTestTests;
			productName = TensorFlowTestTests;
			productReference = B1E73CF01ED429A100C457D6 /* TensorFlowTestTests.xctest */;
			productType = "com.apple.product-type.bundle.unit-test";
		};
/* End PBXNativeTarget section */

/* Begin PBXProject section */
		B1E73CD41ED429A100C457D6 /* Project object */ = {
			isa = PBXProject;
			attributes = {
				LastSwiftUpdateCheck = 0830;
				LastUpgradeCheck = 0830;
				ORGANIZATIONNAME = "Igor Kovryzhkin";
				TargetAttributes = {
					B1E73CDB1ED429A100C457D6 = {
						CreatedOnToolsVersion = 8.3.2;
						DevelopmentTeam = WJ745D7M93;
						ProvisioningStyle = Automatic;
					};
					B1E73CEF1ED429A100C457D6 = {
						CreatedOnToolsVersion = 8.3.2;
						DevelopmentTeam = WJ745D7M93;
						ProvisioningStyle = Automatic;
						TestTargetID = B1E73CDB1ED429A100C457D6;
					};
				};
			};
			buildConfigurationList = B1E73CD71ED429A100C457D6 /* Build configuration list for PBXProject "TensorFlowTest" */;
			compatibilityVersion = "Xcode 3.2";
			developmentRegion = English;
			hasScannedForEncodings = 0;
			knownRegions = (
				en,
				Base,
			);
			mainGroup = B1E73CD31ED429A100C457D6;
			productRefGroup = B1E73CDD1ED429A100C457D6 /* Products */;
			projectDirPath = "";
			projectRoot = "";
			targets = (
				B1E73CDB1ED429A100C457D6 /* TensorFlowTest */,
				B1E73CEF1ED429A100C457D6 /* TensorFlowTestTests */,
			);
		};
/* End PBXProject section */

/* Begin PBXResourcesBuildPhase section */
		B1E73CDA1ED429A100C457D6 /* Resources */ = {
			isa = PBXResourcesBuildPhase;
			buildActionMask = 2147483647;
			files = (
				B1E73CEA1ED429A100C457D6 /* LaunchScreen.storyboard in Resources */,
				B1E73CE71ED429A100C457D6 /* Assets.xcassets in Resources */,
				B1E73CE51ED429A100C457D6 /* Main.storyboard in Resources */,
			);
			runOnlyForDeploymentPostprocessing = 0;
		};
		B1E73CEE1ED429A100C457D6 /* Resources */ = {
			isa = PBXResourcesBuildPhase;
			buildActionMask = 2147483647;
			files = (
			);
			runOnlyForDeploymentPostprocessing = 0;
		};
/* End PBXResourcesBuildPhase section */

/* Begin PBXSourcesBuildPhase section */
		B1E73CD81ED429A100C457D6 /* Sources */ = {
			isa = PBXSourcesBuildPhase;
			buildActionMask = 2147483647;
			files = (
				B1E73CE21ED429A100C457D6 /* ViewController.swift in Sources */,
				B1E73CE01ED429A100C457D6 /* AppDelegate.swift in Sources */,
			);
			runOnlyForDeploymentPostprocessing = 0;
		};
		B1E73CEC1ED429A100C457D6 /* Sources */ = {
			isa = PBXSourcesBuildPhase;
			buildActionMask = 2147483647;
			files = (
				B1E73CF51ED429A100C457D6 /* TensorFlowTestTests.swift in Sources */,
			);
			runOnlyForDeploymentPostprocessing = 0;
		};
/* End PBXSourcesBuildPhase section */

/* Begin PBXTargetDependency section */
		B1E73CF21ED429A100C457D6 /* PBXTargetDependency */ = {
			isa = PBXTargetDependency;
			target = B1E73CDB1ED429A100C457D6 /* TensorFlowTest */;
			targetProxy = B1E73CF11ED429A100C457D6 /* PBXContainerItemProxy */;
		};
/* End PBXTargetDependency section */

/* Begin PBXVariantGroup section */
		B1E73CE31ED429A100C457D6 /* Main.storyboard */ = {
			isa = PBXVariantGroup;
			children = (
				B1E73CE41ED429A100C457D6 /* Base */,
			);
			name = Main.storyboard;
			sourceTree = "<group>";
		};
		B1E73CE81ED429A100C457D6 /* LaunchScreen.storyboard */ = {
			isa = PBXVariantGroup;
			children = (
				B1E73CE91ED429A100C457D6 /* Base */,
			);
			name = LaunchScreen.storyboard;
			sourceTree = "<group>";
		};
/* End PBXVariantGroup section */

/* Begin XCBuildConfiguration section */
		B1E73CF71ED429A100C457D6 /* Debug */ = {
			isa = XCBuildConfiguration;
			buildSettings = {
				ALWAYS_SEARCH_USER_PATHS = NO;
				CLANG_ANALYZER_NONNULL = YES;
				CLANG_ANALYZER_NUMBER_OBJECT_CONVERSION = YES_AGGRESSIVE;
				CLANG_CXX_LANGUAGE_STANDARD = "gnu++0x";
				CLANG_CXX_LIBRARY = "libc++";
				CLANG_ENABLE_MODULES = YES;
				CLANG_ENABLE_OBJC_ARC = YES;
				CLANG_WARN_BOOL_CONVERSION = YES;
				CLANG_WARN_CONSTANT_CONVERSION = YES;
				CLANG_WARN_DIRECT_OBJC_ISA_USAGE = YES_ERROR;
				CLANG_WARN_DOCUMENTATION_COMMENTS = YES;
				CLANG_WARN_EMPTY_BODY = YES;
				CLANG_WARN_ENUM_CONVERSION = YES;
				CLANG_WARN_INFINITE_RECURSION = YES;
				CLANG_WARN_INT_CONVERSION = YES;
				CLANG_WARN_OBJC_ROOT_CLASS = YES_ERROR;
				CLANG_WARN_SUSPICIOUS_MOVE = YES;
				CLANG_WARN_UNREACHABLE_CODE = YES;
				CLANG_WARN__DUPLICATE_METHOD_MATCH = YES;
				"CODE_SIGN_IDENTITY[sdk=iphoneos*]" = "iPhone Developer";
				COPY_PHASE_STRIP = NO;
				DEBUG_INFORMATION_FORMAT = dwarf;
				ENABLE_STRICT_OBJC_MSGSEND = YES;
				ENABLE_TESTABILITY = YES;
				GCC_C_LANGUAGE_STANDARD = gnu99;
				GCC_DYNAMIC_NO_PIC = NO;
				GCC_NO_COMMON_BLOCKS = YES;
				GCC_OPTIMIZATION_LEVEL = 0;
				GCC_PREPROCESSOR_DEFINITIONS = (
					"DEBUG=1",
					"$(inherited)",
				);
				GCC_WARN_64_TO_32_BIT_CONVERSION = YES;
				GCC_WARN_ABOUT_RETURN_TYPE = YES_ERROR;
				GCC_WARN_UNDECLARED_SELECTOR = YES;
				GCC_WARN_UNINITIALIZED_AUTOS = YES_AGGRESSIVE;
				GCC_WARN_UNUSED_FUNCTION = YES;
				GCC_WARN_UNUSED_VARIABLE = YES;
				IPHONEOS_DEPLOYMENT_TARGET = 10.3;
				MTL_ENABLE_DEBUG_INFO = YES;
				ONLY_ACTIVE_ARCH = YES;
				SDKROOT = iphoneos;
				SWIFT_ACTIVE_COMPILATION_CONDITIONS = DEBUG;
				SWIFT_OPTIMIZATION_LEVEL = "-Onone";
			};
			name = Debug;
		};
		B1E73CF81ED429A100C457D6 /* Release */ = {
			isa = XCBuildConfiguration;
			buildSettings = {
				ALWAYS_SEARCH_USER_PATHS = NO;
				CLANG_ANALYZER_NONNULL = YES;
				CLANG_ANALYZER_NUMBER_OBJECT_CONVERSION = YES_AGGRESSIVE;
				CLANG_CXX_LANGUAGE_STANDARD = "gnu++0x";
				CLANG_CXX_LIBRARY = "libc++";
				CLANG_ENABLE_MODULES = YES;
				CLANG_ENABLE_OBJC_ARC = YES;
				CLANG_WARN_BOOL_CONVERSION = YES;
				CLANG_WARN_CONSTANT_CONVERSION = YES;
				CLANG_WARN_DIRECT_OBJC_ISA_USAGE = YES_ERROR;
				CLANG_WARN_DOCUMENTATION_COMMENTS = YES;
				CLANG_WARN_EMPTY_BODY = YES;
				CLANG_WARN_ENUM_CONVERSION = YES;
				CLANG_WARN_INFINITE_RECURSION = YES;
				CLANG_WARN_INT_CONVERSION = YES;
				CLANG_WARN_OBJC_ROOT_CLASS = YES_ERROR;
				CLANG_WARN_SUSPICIOUS_MOVE = YES;
				CLANG_WARN_UNREACHABLE_CODE = YES;
				CLANG_WARN__DUPLICATE_METHOD_MATCH = YES;
				"CODE_SIGN_IDENTITY[sdk=iphoneos*]" = "iPhone Developer";
				COPY_PHASE_STRIP = NO;
				DEBUG_INFORMATION_FORMAT = "dwarf-with-dsym";
				ENABLE_NS_ASSERTIONS = NO;
				ENABLE_STRICT_OBJC_MSGSEND = YES;
				GCC_C_LANGUAGE_STANDARD = gnu99;
				GCC_NO_COMMON_BLOCKS = YES;
				GCC_WARN_64_TO_32_BIT_CONVERSION = YES;
				GCC_WARN_ABOUT_RETURN_TYPE = YES_ERROR;
				GCC_WARN_UNDECLARED_SELECTOR = YES;
				GCC_WARN_UNINITIALIZED_AUTOS = YES_AGGRESSIVE;
				GCC_WARN_UNUSED_FUNCTION = YES;
				GCC_WARN_UNUSED_VARIABLE = YES;
				IPHONEOS_DEPLOYMENT_TARGET = 10.3;
				MTL_ENABLE_DEBUG_INFO = NO;
				SDKROOT = iphoneos;
				SWIFT_OPTIMIZATION_LEVEL = "-Owholemodule";
				VALIDATE_PRODUCT = YES;
			};
			name = Release;
		};
		B1E73CFA1ED429A100C457D6 /* Debug */ = {
			isa = XCBuildConfiguration;
			buildSettings = {
				ASSETCATALOG_COMPILER_APPICON_NAME = AppIcon;
				DEVELOPMENT_TEAM = WJ745D7M93;
				INFOPLIST_FILE = TensorFlowTest/Info.plist;
				LD_RUNPATH_SEARCH_PATHS = "$(inherited) @executable_path/Frameworks";
				PRODUCT_BUNDLE_IDENTIFIER = "Igor-Kovryzhkin.TensorFlowTest";
				PRODUCT_NAME = "$(TARGET_NAME)";
				SWIFT_VERSION = 3.0;
			};
			name = Debug;
		};
		B1E73CFB1ED429A100C457D6 /* Release */ = {
			isa = XCBuildConfiguration;
			buildSettings = {
				ASSETCATALOG_COMPILER_APPICON_NAME = AppIcon;
				DEVELOPMENT_TEAM = WJ745D7M93;
				INFOPLIST_FILE = TensorFlowTest/Info.plist;
				LD_RUNPATH_SEARCH_PATHS = "$(inherited) @executable_path/Frameworks";
				PRODUCT_BUNDLE_IDENTIFIER = "Igor-Kovryzhkin.TensorFlowTest";
				PRODUCT_NAME = "$(TARGET_NAME)";
				SWIFT_VERSION = 3.0;
			};
			name = Release;
		};
		B1E73CFD1ED429A100C457D6 /* Debug */ = {
			isa = XCBuildConfiguration;
			buildSettings = {
				ALWAYS_EMBED_SWIFT_STANDARD_LIBRARIES = YES;
				BUNDLE_LOADER = "$(TEST_HOST)";
				DEVELOPMENT_TEAM = WJ745D7M93;
				INFOPLIST_FILE = TensorFlowTestTests/Info.plist;
				LD_RUNPATH_SEARCH_PATHS = "$(inherited) @executable_path/Frameworks @loader_path/Frameworks";
				PRODUCT_BUNDLE_IDENTIFIER = "Igor-Kovryzhkin.TensorFlowTestTests";
				PRODUCT_NAME = "$(TARGET_NAME)";
				SWIFT_VERSION = 3.0;
				TEST_HOST = "$(BUILT_PRODUCTS_DIR)/TensorFlowTest.app/TensorFlowTest";
			};
			name = Debug;
		};
		B1E73CFE1ED429A100C457D6 /* Release */ = {
			isa = XCBuildConfiguration;
			buildSettings = {
				ALWAYS_EMBED_SWIFT_STANDARD_LIBRARIES = YES;
				BUNDLE_LOADER = "$(TEST_HOST)";
				DEVELOPMENT_TEAM = WJ745D7M93;
				INFOPLIST_FILE = TensorFlowTestTests/Info.plist;
				LD_RUNPATH_SEARCH_PATHS = "$(inherited) @executable_path/Frameworks @loader_path/Frameworks";
				PRODUCT_BUNDLE_IDENTIFIER = "Igor-Kovryzhkin.TensorFlowTestTests";
				PRODUCT_NAME = "$(TARGET_NAME)";
				SWIFT_VERSION = 3.0;
				TEST_HOST = "$(BUILT_PRODUCTS_DIR)/TensorFlowTest.app/TensorFlowTest";
			};
			name = Release;
		};
/* End XCBuildConfiguration section */

/* Begin XCConfigurationList section */
		B1E73CD71ED429A100C457D6 /* Build configuration list for PBXProject "TensorFlowTest" */ = {
			isa = XCConfigurationList;
			buildConfigurations = (
				B1E73CF71ED429A100C457D6 /* Debug */,
				B1E73CF81ED429A100C457D6 /* Release */,
			);
			defaultConfigurationIsVisible = 0;
			defaultConfigurationName = Release;
		};
		B1E73CF91ED429A100C457D6 /* Build configuration list for PBXNativeTarget "TensorFlowTest" */ = {
			isa = XCConfigurationList;
			buildConfigurations = (
				B1E73CFA1ED429A100C457D6 /* Debug */,
				B1E73CFB1ED429A100C457D6 /* Release */,
			);
			defaultConfigurationIsVisible = 0;
		};
		B1E73CFC1ED429A100C457D6 /* Build configuration list for PBXNativeTarget "TensorFlowTestTests" */ = {
			isa = XCConfigurationList;
			buildConfigurations = (
				B1E73CFD1ED429A100C457D6 /* Debug */,
				B1E73CFE1ED429A100C457D6 /* Release */,
			);
			defaultConfigurationIsVisible = 0;
		};
/* End XCConfigurationList section */
	};
	rootObject = B1E73CD41ED429A100C457D6 /* Project object */;
}
